{
    "name": "api",
    "version": "1.0.0",
    "lockfileVersion": 1,
    "requires": true,
    "dependencies": {
      "json-server": {
        "version": "0.16.3",
        "resolved": "https://registry.npmjs.org/json-server/-/json-server-0.16.3.tgz",
        "integrity": "sha512-XXXXXXXXXXXXXXX...",
        "dev": false,
        "engines": {
          "node": ">=6.0.0"
        },
        "dependencies": {
          "express": {
            "version": "^4.17.1",
            "resolved": "https://registry.npmjs.org/express/-/express-4.17.1.tgz",
            "integrity": "sha512-YYYYYYYYYYYYYYY...",
            "dev": false,
            "engines": {
              "node": ">=0.10.0"
            }
          },
          "lowdb": {
            "version": "^1.0.0",
            "resolved": "https://registry.npmjs.org/lowdb/-/lowdb-1.0.0.tgz",
            "integrity": "sha512-ZZZZZZZZZZZZZZZZZ...",
            "dev": false
          },
          "lodash": {
            "version": "^4.17.20",
            "resolved": "https://registry.npmjs.org/lodash/-/lodash-4.17.20.tgz",
            "integrity": "sha512-AAAAAAAAAAAAAAA...",
            "dev": false
          }
        }
      }
    }
  }